// !$*UTF8*$!
{
	archiveVersion = 1;
	classes = {
	};
	objectVersion = 50;
	objects = {

/* Begin PBXBuildFile section */
		58C0243323A97EE00027654A /* AppDelegate.swift in Sources */ = {isa = PBXBuildFile; fileRef = 58C0243223A97EE00027654A /* AppDelegate.swift */; };
		58C0243523A97EE00027654A /* ContentView.swift in Sources */ = {isa = PBXBuildFile; fileRef = 58C0243423A97EE00027654A /* ContentView.swift */; };
		58C0243823A97EE00027654A /* Shot.xcdatamodeld in Sources */ = {isa = PBXBuildFile; fileRef = 58C0243623A97EE00027654A /* Shot.xcdatamodeld */; };
		58C0243A23A97EE10027654A /* Assets.xcassets in Resources */ = {isa = PBXBuildFile; fileRef = 58C0243923A97EE10027654A /* Assets.xcassets */; };
		58C0243D23A97EE10027654A /* Preview Assets.xcassets in Resources */ = {isa = PBXBuildFile; fileRef = 58C0243C23A97EE10027654A /* Preview Assets.xcassets */; };
		58C0244023A97EE10027654A /* Main.storyboard in Resources */ = {isa = PBXBuildFile; fileRef = 58C0243E23A97EE10027654A /* Main.storyboard */; };
/* End PBXBuildFile section */

/* Begin PBXFileReference section */
		58C0242F23A97EE00027654A /* Shot.app */ = {isa = PBXFileReference; explicitFileType = wrapper.application; includeInIndex = 0; path = Shot.app; sourceTree = BUILT_PRODUCTS_DIR; };
		58C0243223A97EE00027654A /* AppDelegate.swift */ = {isa = PBXFileReference; lastKnownFileType = sourcecode.swift; path = AppDelegate.swift; sourceTree = "<group>"; };
		58C0243423A97EE00027654A /* ContentView.swift */ = {isa = PBXFileReference; lastKnownFileType = sourcecode.swift; path = ContentView.swift; sourceTree = "<group>"; };
		58C0243723A97EE00027654A /* Shot.xcdatamodel */ = {isa = PBXFileReference; lastKnownFileType = wrapper.xcdatamodel; path = Shot.xcdatamodel; sourceTree = "<group>"; };
		58C0243923A97EE10027654A /* Assets.xcassets */ = {isa = PBXFileReference; lastKnownFileType = folder.assetcatalog; path = Assets.xcassets; sourceTree = "<group>"; };
		58C0243C23A97EE10027654A /* Preview Assets.xcassets */ = {isa = PBXFileReference; lastKnownFileType = folder.assetcatalog; path = "Preview Assets.xcassets"; sourceTree = "<group>"; };
		58C0243F23A97EE10027654A /* Base */ = {isa = PBXFileReference; lastKnownFileType = file.storyboard; name = Base; path = Base.lproj/Main.storyboard; sourceTree = "<group>"; };
		58C0244123A97EE10027654A /* Info.plist */ = {isa = PBXFileReference; lastKnownFileType = text.plist.xml; path = Info.plist; sourceTree = "<group>"; };
		58C0244223A97EE10027654A /* Shot.entitlements */ = {isa = PBXFileReference; lastKnownFileType = text.plist.entitlements; path = Shot.entitlements; sourceTree = "<group>"; };
/* End PBXFileReference section */

/* Begin PBXFrameworksBuildPhase section */
		58C0242C23A97EE00027654A /* Frameworks */ = {
			isa = PBXFrameworksBuildPhase;
			buildActionMask = 2147483647;
			files = (
			);
			runOnlyForDeploymentPostprocessing = 0;
		};
/* End PBXFrameworksBuildPhase section */

/* Begin PBXGroup section */
		58C0242623A97EE00027654A = {
			isa = PBXGroup;
			children = (
				58C0243123A97EE00027654A /* Shot */,
				58C0243023A97EE00027654A /* Products */,
			);
			sourceTree = "<group>";
		};
		58C0243023A97EE00027654A /* Products */ = {
			isa = PBXGroup;
			children = (
				58C0242F23A97EE00027654A /* Shot.app */,
			);
			name = Products;
			sourceTree = "<group>";
		};
		58C0243123A97EE00027654A /* Shot */ = {
			isa = PBXGroup;
			children = (
				58C0243223A97EE00027654A /* AppDelegate.swift */,
				58C0243423A97EE00027654A /* ContentView.swift */,
				58C0243923A97EE10027654A /* Assets.xcassets */,
				58C0243E23A97EE10027654A /* Main.storyboard */,
				58C0244123A97EE10027654A /* Info.plist */,
				58C0244223A97EE10027654A /* Shot.entitlements */,
				58C0243623A97EE00027654A /* Shot.xcdatamodeld */,
				58C0243B23A97EE10027654A /* Preview Content */,
			);
			path = Shot;
			sourceTree = "<group>";
		};
		58C0243B23A97EE10027654A /* Preview Content */ = {
			isa = PBXGroup;
			children = (
				58C0243C23A97EE10027654A /* Preview Assets.xcassets */,
			);
			path = "Preview Content";
			sourceTree = "<group>";
		};
/* End PBXGroup section */

/* Begin PBXNativeTarget section */
		58C0242E23A97EE00027654A /* Shot */ = {
			isa = PBXNativeTarget;
			buildConfigurationList = 58C0244523A97EE10027654A /* Build configuration list for PBXNativeTarget "Shot" */;
			buildPhases = (
				58C0242B23A97EE00027654A /* Sources */,
				58C0242C23A97EE00027654A /* Frameworks */,
				58C0242D23A97EE00027654A /* Resources */,
			);
			buildRules = (
			);
			dependencies = (
			);
			name = Shot;
			productName = Shot;
			productReference = 58C0242F23A97EE00027654A /* Shot.app */;
			productType = "com.apple.product-type.application";
		};
/* End PBXNativeTarget section */

/* Begin PBXProject section */
		58C0242723A97EE00027654A /* Project object */ = {
			isa = PBXProject;
			attributes = {
				LastSwiftUpdateCheck = 1130;
				LastUpgradeCheck = 1130;
				ORGANIZATIONNAME = "Drygan Dev";
				TargetAttributes = {
					58C0242E23A97EE00027654A = {
						CreatedOnToolsVersion = 11.3;
					};
				};
			};
			buildConfigurationList = 58C0242A23A97EE00027654A /* Build configuration list for PBXProject "Shot" */;
			compatibilityVersion = "Xcode 9.3";
			developmentRegion = en;
			hasScannedForEncodings = 0;
			knownRegions = (
				en,
				Base,
			);
			mainGroup = 58C0242623A97EE00027654A;
			productRefGroup = 58C0243023A97EE00027654A /* Products */;
			projectDirPath = "";
			projectRoot = "";
			targets = (
				58C0242E23A97EE00027654A /* Shot */,
			);
		};
/* End PBXProject section */

/* Begin PBXResourcesBuildPhase section */
		58C0242D23A97EE00027654A /* Resources */ = {
			isa = PBXResourcesBuildPhase;
			buildActionMask = 2147483647;
			files = (
				58C0244023A97EE10027654A /* Main.storyboard in Resources */,
				58C0243D23A97EE10027654A /* Preview Assets.xcassets in Resources */,
				58C0243A23A97EE10027654A /* Assets.xcassets in Resources */,
			);
			runOnlyForDeploymentPostprocessing = 0;
		};
/* End PBXResourcesBuildPhase section */

/* Begin PBXSourcesBuildPhase section */
		58C0242B23A97EE00027654A /* Sources */ = {
			isa = PBXSourcesBuildPhase;
			buildActionMask = 2147483647;
			files = (
				58C0243523A97EE00027654A /* ContentView.swift in Sources */,
				58C0243823A97EE00027654A /* Shot.xcdatamodeld in Sources */,
				58C0243323A97EE00027654A /* AppDelegate.swift in Sources */,
			);
			runOnlyForDeploymentPostprocessing = 0;
		};
/* End PBXSourcesBuildPhase section */

/* Begin PBXVariantGroup section */
		58C0243E23A97EE10027654A /* Main.storyboard */ = {
			isa = PBXVariantGroup;
			children = (
				58C0243F23A97EE10027654A /* Base */,
			);
			name = Main.storyboard;
			sourceTree = "<group>";
		};
/* End PBXVariantGroup section */

/* Begin XCBuildConfiguration section */
		58C0244323A97EE10027654A /* Debug */ = {
			isa = XCBuildConfiguration;
			buildSettings = {
				ALWAYS_SEARCH_USER_PATHS = NO;
				CLANG_ANALYZER_NONNULL = YES;
				CLANG_ANALYZER_NUMBER_OBJECT_CONVERSION = YES_AGGRESSIVE;
				CLANG_CXX_LANGUAGE_STANDARD = "gnu++14";
				CLANG_CXX_LIBRARY = "libc++";
				CLANG_ENABLE_MODULES = YES;
				CLANG_ENABLE_OBJC_ARC = YES;
				CLANG_ENABLE_OBJC_WEAK = YES;
				CLANG_WARN_BLOCK_CAPTURE_AUTORELEASING = YES;
				CLANG_WARN_BOOL_CONVERSION = YES;
				CLANG_WARN_COMMA = YES;
				CLANG_WARN_CONSTANT_CONVERSION = YES;
				CLANG_WARN_DEPRECATED_OBJC_IMPLEMENTATIONS = YES;
				CLANG_WARN_DIRECT_OBJC_ISA_USAGE = YES_ERROR;
				CLANG_WARN_DOCUMENTATION_COMMENTS = YES;
				CLANG_WARN_EMPTY_BODY = YES;
				CLANG_WARN_ENUM_CONVERSION = YES;
				CLANG_WARN_INFINITE_RECURSION = YES;
				CLANG_WARN_INT_CONVERSION = YES;
				CLANG_WARN_NON_LITERAL_NULL_CONVERSION = YES;
				CLANG_WARN_OBJC_IMPLICIT_RETAIN_SELF = YES;
				CLANG_WARN_OBJC_LITERAL_CONVERSION = YES;
				CLANG_WARN_OBJC_ROOT_CLASS = YES_ERROR;
				CLANG_WARN_RANGE_LOOP_ANALYSIS = YES;
				CLANG_WARN_STRICT_PROTOTYPES = YES;
				CLANG_WARN_SUSPICIOUS_MOVE = YES;
				CLANG_WARN_UNGUARDED_AVAILABILITY = YES_AGGRESSIVE;
				CLANG_WARN_UNREACHABLE_CODE = YES;
				CLANG_WARN__DUPLICATE_METHOD_MATCH = YES;
				COPY_PHASE_STRIP = NO;
				DEBUG_INFORMATION_FORMAT = dwarf;
				ENABLE_STRICT_OBJC_MSGSEND = YES;
				ENABLE_TESTABILITY = YES;
				GCC_C_LANGUAGE_STANDARD = gnu11;
				GCC_DYNAMIC_NO_PIC = NO;
				GCC_NO_COMMON_BLOCKS = YES;
				GCC_OPTIMIZATION_LEVEL = 0;
				GCC_PREPROCESSOR_DEFINITIONS = (
					"DEBUG=1",
					"$(inherited)",
				);
				GCC_WARN_64_TO_32_BIT_CONVERSION = YES;
				GCC_WARN_ABOUT_RETURN_TYPE = YES_ERROR;
				GCC_WARN_UNDECLARED_SELECTOR = YES;
				GCC_WARN_UNINITIALIZED_AUTOS = YES_AGGRESSIVE;
				GCC_WARN_UNUSED_FUNCTION = YES;
				GCC_WARN_UNUSED_VARIABLE = YES;
				MACOSX_DEPLOYMENT_TARGET = 10.15;
				MTL_ENABLE_DEBUG_INFO = INCLUDE_SOURCE;
				MTL_FAST_MATH = YES;
				ONLY_ACTIVE_ARCH = YES;
				SDKROOT = macosx;
				SWIFT_ACTIVE_COMPILATION_CONDITIONS = DEBUG;
				SWIFT_OPTIMIZATION_LEVEL = "-Onone";
			};
			name = Debug;
		};
		58C0244423A97EE10027654A /* Release */ = {
			isa = XCBuildConfiguration;
			buildSettings = {
				ALWAYS_SEARCH_USER_PATHS = NO;
				CLANG_ANALYZER_NONNULL = YES;
				CLANG_ANALYZER_NUMBER_OBJECT_CONVERSION = YES_AGGRESSIVE;
				CLANG_CXX_LANGUAGE_STANDARD = "gnu++14";
				CLANG_CXX_LIBRARY = "libc++";
				CLANG_ENABLE_MODULES = YES;
				CLANG_ENABLE_OBJC_ARC = YES;
				CLANG_ENABLE_OBJC_WEAK = YES;
				CLANG_WARN_BLOCK_CAPTURE_AUTORELEASING = YES;
				CLANG_WARN_BOOL_CONVERSION = YES;
				CLANG_WARN_COMMA = YES;
				CLANG_WARN_CONSTANT_CONVERSION = YES;
				CLANG_WARN_DEPRECATED_OBJC_IMPLEMENTATIONS = YES;
				CLANG_WARN_DIRECT_OBJC_ISA_USAGE = YES_ERROR;
				CLANG_WARN_DOCUMENTATION_COMMENTS = YES;
				CLANG_WARN_EMPTY_BODY = YES;
				CLANG_WARN_ENUM_CONVERSION = YES;
				CLANG_WARN_INFINITE_RECURSION = YES;
				CLANG_WARN_INT_CONVERSION = YES;
				CLANG_WARN_NON_LITERAL_NULL_CONVERSION = YES;
				CLANG_WARN_OBJC_IMPLICIT_RETAIN_SELF = YES;
				CLANG_WARN_OBJC_LITERAL_CONVERSION = YES;
				CLANG_WARN_OBJC_ROOT_CLASS = YES_ERROR;
				CLANG_WARN_RANGE_LOOP_ANALYSIS = YES;
				CLANG_WARN_STRICT_PROTOTYPES = YES;
				CLANG_WARN_SUSPICIOUS_MOVE = YES;
				CLANG_WARN_UNGUARDED_AVAILABILITY = YES_AGGRESSIVE;
				CLANG_WARN_UNREACHABLE_CODE = YES;
				CLANG_WARN__DUPLICATE_METHOD_MATCH = YES;
				COPY_PHASE_STRIP = NO;
				DEBUG_INFORMATION_FORMAT = "dwarf-with-dsym";
				ENABLE_NS_ASSERTIONS = NO;
				ENABLE_STRICT_OBJC_MSGSEND = YES;
				GCC_C_LANGUAGE_STANDARD = gnu11;
				GCC_NO_COMMON_BLOCKS = YES;
				GCC_WARN_64_TO_32_BIT_CONVERSION = YES;
				GCC_WARN_ABOUT_RETURN_TYPE = YES_ERROR;
				GCC_WARN_UNDECLARED_SELECTOR = YES;
				GCC_WARN_UNINITIALIZED_AUTOS = YES_AGGRESSIVE;
				GCC_WARN_UNUSED_FUNCTION = YES;
				GCC_WARN_UNUSED_VARIABLE = YES;
				MACOSX_DEPLOYMENT_TARGET = 10.15;
				MTL_ENABLE_DEBUG_INFO = NO;
				MTL_FAST_MATH = YES;
				SDKROOT = macosx;
				SWIFT_COMPILATION_MODE = wholemodule;
				SWIFT_OPTIMIZATION_LEVEL = "-O";
			};
			name = Release;
		};
		58C0244623A97EE10027654A /* Debug */ = {
			isa = XCBuildConfiguration;
			buildSettings = {
				ASSETCATALOG_COMPILER_APPICON_NAME = AppIcon;
				CODE_SIGN_ENTITLEMENTS = Shot/Shot.entitlements;
				CODE_SIGN_STYLE = Automatic;
				COMBINE_HIDPI_IMAGES = YES;
				DEVELOPMENT_ASSET_PATHS = "\"Shot/Preview Content\"";
				DEVELOPMENT_TEAM = GHZCTHXK8S;
				ENABLE_HARDENED_RUNTIME = YES;
				ENABLE_PREVIEWS = YES;
				INFOPLIST_FILE = Shot/Info.plist;
				LD_RUNPATH_SEARCH_PATHS = (
					"$(inherited)",
					"@executable_path/../Frameworks",
				);
				MACOSX_DEPLOYMENT_TARGET = 10.15;
				PRODUCT_BUNDLE_IDENTIFIER = dev.Drygan.Shot;
				PRODUCT_NAME = "$(TARGET_NAME)";
				SWIFT_VERSION = 5.0;
			};
			name = Debug;
		};
		58C0244723A97EE10027654A /* Release */ = {
			isa = XCBuildConfiguration;
			buildSettings = {
				ASSETCATALOG_COMPILER_APPICON_NAME = AppIcon;
				CODE_SIGN_ENTITLEMENTS = Shot/Shot.entitlements;
				CODE_SIGN_STYLE = Automatic;
				COMBINE_HIDPI_IMAGES = YES;
				DEVELOPMENT_ASSET_PATHS = "\"Shot/Preview Content\"";
				DEVELOPMENT_TEAM = GHZCTHXK8S;
				ENABLE_HARDENED_RUNTIME = YES;
				ENABLE_PREVIEWS = YES;
				INFOPLIST_FILE = Shot/Info.plist;
				LD_RUNPATH_SEARCH_PATHS = (
					"$(inherited)",
					"@executable_path/../Frameworks",
				);
				MACOSX_DEPLOYMENT_TARGET = 10.15;
				PRODUCT_BUNDLE_IDENTIFIER = dev.Drygan.Shot;
				PRODUCT_NAME = "$(TARGET_NAME)";
				SWIFT_VERSION = 5.0;
			};
			name = Release;
		};
/* End XCBuildConfiguration section */

/* Begin XCConfigurationList section */
		58C0242A23A97EE00027654A /* Build configuration list for PBXProject "Shot" */ = {
			isa = XCConfigurationList;
			buildConfigurations = (
				58C0244323A97EE10027654A /* Debug */,
				58C0244423A97EE10027654A /* Release */,
			);
			defaultConfigurationIsVisible = 0;
			defaultConfigurationName = Release;
		};
		58C0244523A97EE10027654A /* Build configuration list for PBXNativeTarget "Shot" */ = {
			isa = XCConfigurationList;
			buildConfigurations = (
				58C0244623A97EE10027654A /* Debug */,
				58C0244723A97EE10027654A /* Release */,
			);
			defaultConfigurationIsVisible = 0;
			defaultConfigurationName = Release;
		};
/* End XCConfigurationList section */

/* Begin XCVersionGroup section */
		58C0243623A97EE00027654A /* Shot.xcdatamodeld */ = {
			isa = XCVersionGroup;
			children = (
				58C0243723A97EE00027654A /* Shot.xcdatamodel */,
			);
			currentVersion = 58C0243723A97EE00027654A /* Shot.xcdatamodel */;
			path = Shot.xcdatamodeld;
			sourceTree = "<group>";
			versionGroupType = wrapper.xcdatamodel;
		};
/* End XCVersionGroup section */
	};
	rootObject = 58C0242723A97EE00027654A /* Project object */;
}
